// !$*UTF8*$!
{
	archiveVersion = 1;
	classes = {
	};
	objectVersion = 46;
	objects = {

/* Begin PBXBuildFile section */
		243905E91C024BF000E0F2C7 /* TSZHomeViewController.m in Sources */ = {isa = PBXBuildFile; fileRef = 243905E81C024BF000E0F2C7 /* TSZHomeViewController.m */; settings = {ASSET_TAGS = (); }; };
		24542A441C01AA250050ED5A /* main.m in Sources */ = {isa = PBXBuildFile; fileRef = 24542A431C01AA250050ED5A /* main.m */; };
		24542A471C01AA250050ED5A /* AppDelegate.m in Sources */ = {isa = PBXBuildFile; fileRef = 24542A461C01AA250050ED5A /* AppDelegate.m */; };
		24542A4A1C01AA250050ED5A /* MainViewController.m in Sources */ = {isa = PBXBuildFile; fileRef = 24542A491C01AA250050ED5A /* MainViewController.m */; };
		24542A4D1C01AA250050ED5A /* Main.storyboard in Resources */ = {isa = PBXBuildFile; fileRef = 24542A4B1C01AA250050ED5A /* Main.storyboard */; };
		24542A4F1C01AA250050ED5A /* Assets.xcassets in Resources */ = {isa = PBXBuildFile; fileRef = 24542A4E1C01AA250050ED5A /* Assets.xcassets */; };
		24542A521C01AA250050ED5A /* LaunchScreen.storyboard in Resources */ = {isa = PBXBuildFile; fileRef = 24542A501C01AA250050ED5A /* LaunchScreen.storyboard */; };
/* End PBXBuildFile section */

/* Begin PBXFileReference section */
		243905E71C024BF000E0F2C7 /* TSZHomeViewController.h */ = {isa = PBXFileReference; fileEncoding = 4; lastKnownFileType = sourcecode.c.h; path = TSZHomeViewController.h; sourceTree = "<group>"; };
		243905E81C024BF000E0F2C7 /* TSZHomeViewController.m */ = {isa = PBXFileReference; fileEncoding = 4; lastKnownFileType = sourcecode.c.objc; path = TSZHomeViewController.m; sourceTree = "<group>"; };
		24542A3F1C01AA250050ED5A /* NewsDemo.app */ = {isa = PBXFileReference; explicitFileType = wrapper.application; includeInIndex = 0; path = NewsDemo.app; sourceTree = BUILT_PRODUCTS_DIR; };
		24542A431C01AA250050ED5A /* main.m */ = {isa = PBXFileReference; lastKnownFileType = sourcecode.c.objc; path = main.m; sourceTree = "<group>"; };
		24542A451C01AA250050ED5A /* AppDelegate.h */ = {isa = PBXFileReference; lastKnownFileType = sourcecode.c.h; path = AppDelegate.h; sourceTree = "<group>"; };
		24542A461C01AA250050ED5A /* AppDelegate.m */ = {isa = PBXFileReference; lastKnownFileType = sourcecode.c.objc; path = AppDelegate.m; sourceTree = "<group>"; };
		24542A481C01AA250050ED5A /* MainViewController.h */ = {isa = PBXFileReference; lastKnownFileType = sourcecode.c.h; path = MainViewController.h; sourceTree = "<group>"; };
		24542A491C01AA250050ED5A /* MainViewController.m */ = {isa = PBXFileReference; lastKnownFileType = sourcecode.c.objc; path = MainViewController.m; sourceTree = "<group>"; };
		24542A4C1C01AA250050ED5A /* Base */ = {isa = PBXFileReference; lastKnownFileType = file.storyboard; name = Base; path = Base.lproj/Main.storyboard; sourceTree = "<group>"; };
		24542A4E1C01AA250050ED5A /* Assets.xcassets */ = {isa = PBXFileReference; lastKnownFileType = folder.assetcatalog; path = Assets.xcassets; sourceTree = "<group>"; };
		24542A511C01AA250050ED5A /* Base */ = {isa = PBXFileReference; lastKnownFileType = file.storyboard; name = Base; path = Base.lproj/LaunchScreen.storyboard; sourceTree = "<group>"; };
		24542A531C01AA250050ED5A /* Info.plist */ = {isa = PBXFileReference; lastKnownFileType = text.plist.xml; path = Info.plist; sourceTree = "<group>"; };
/* End PBXFileReference section */

/* Begin PBXFrameworksBuildPhase section */
		24542A3C1C01AA250050ED5A /* Frameworks */ = {
			isa = PBXFrameworksBuildPhase;
			buildActionMask = 2147483647;
			files = (
			);
			runOnlyForDeploymentPostprocessing = 0;
		};
/* End PBXFrameworksBuildPhase section */

/* Begin PBXGroup section */
		243905E21C024BA000E0F2C7 /* Main(主页) */ = {
			isa = PBXGroup;
			children = (
				243905E31C024BA000E0F2C7 /* Controller */,
				243905E41C024BA000E0F2C7 /* Model */,
				243905E51C024BA000E0F2C7 /* Other */,
				243905E61C024BA000E0F2C7 /* View */,
			);
			path = "Main(主页)";
			sourceTree = "<group>";
		};
		243905E31C024BA000E0F2C7 /* Controller */ = {
			isa = PBXGroup;
			children = (
				243905E71C024BF000E0F2C7 /* TSZHomeViewController.h */,
				243905E81C024BF000E0F2C7 /* TSZHomeViewController.m */,
			);
			path = Controller;
			sourceTree = "<group>";
		};
		243905E41C024BA000E0F2C7 /* Model */ = {
			isa = PBXGroup;
			children = (
			);
			path = Model;
			sourceTree = "<group>";
		};
		243905E51C024BA000E0F2C7 /* Other */ = {
			isa = PBXGroup;
			children = (
			);
			path = Other;
			sourceTree = "<group>";
		};
		243905E61C024BA000E0F2C7 /* View */ = {
			isa = PBXGroup;
			children = (
			);
			path = View;
			sourceTree = "<group>";
		};
		24542A361C01AA240050ED5A = {
			isa = PBXGroup;
			children = (
				24542A411C01AA250050ED5A /* NewsDemo */,
				24542A401C01AA250050ED5A /* Products */,
			);
			sourceTree = "<group>";
		};
		24542A401C01AA250050ED5A /* Products */ = {
			isa = PBXGroup;
			children = (
				24542A3F1C01AA250050ED5A /* NewsDemo.app */,
			);
			name = Products;
			sourceTree = "<group>";
		};
		24542A411C01AA250050ED5A /* NewsDemo */ = {
			isa = PBXGroup;
			children = (
				243905E21C024BA000E0F2C7 /* Main(主页) */,
				24542A6D1C01AD650050ED5A /* Sound(试听) */,
				24542A681C01AD600050ED5A /* Sound(试听) */,
				24542A631C01AD5B0050ED5A /* Mine(我) */,
				24542A5E1C01AD520050ED5A /* Discover(发现) */,
				24542A451C01AA250050ED5A /* AppDelegate.h */,
				24542A461C01AA250050ED5A /* AppDelegate.m */,
				24542A481C01AA250050ED5A /* MainViewController.h */,
				24542A491C01AA250050ED5A /* MainViewController.m */,
				24542A4B1C01AA250050ED5A /* Main.storyboard */,
				24542A4E1C01AA250050ED5A /* Assets.xcassets */,
				24542A501C01AA250050ED5A /* LaunchScreen.storyboard */,
				24542A531C01AA250050ED5A /* Info.plist */,
				24542A421C01AA250050ED5A /* Supporting Files */,
			);
			path = NewsDemo;
			sourceTree = "<group>";
		};
		24542A421C01AA250050ED5A /* Supporting Files */ = {
			isa = PBXGroup;
			children = (
				24542A431C01AA250050ED5A /* main.m */,
			);
			name = "Supporting Files";
			sourceTree = "<group>";
		};
		24542A5E1C01AD520050ED5A /* Discover(发现) */ = {
			isa = PBXGroup;
			children = (
				24542A5F1C01AD520050ED5A /* Controller */,
				24542A601C01AD520050ED5A /* Model */,
				24542A611C01AD520050ED5A /* Other */,
				24542A621C01AD520050ED5A /* View */,
			);
			path = "Discover(发现)";
			sourceTree = "<group>";
		};
		24542A5F1C01AD520050ED5A /* Controller */ = {
			isa = PBXGroup;
			children = (
			);
			path = Controller;
			sourceTree = "<group>";
		};
		24542A601C01AD520050ED5A /* Model */ = {
			isa = PBXGroup;
			children = (
			);
			path = Model;
			sourceTree = "<group>";
		};
		24542A611C01AD520050ED5A /* Other */ = {
			isa = PBXGroup;
			children = (
			);
			path = Other;
			sourceTree = "<group>";
		};
		24542A621C01AD520050ED5A /* View */ = {
			isa = PBXGroup;
			children = (
			);
			path = View;
			sourceTree = "<group>";
		};
		24542A631C01AD5B0050ED5A /* Mine(我) */ = {
			isa = PBXGroup;
			children = (
				24542A641C01AD5B0050ED5A /* Controller */,
				24542A651C01AD5B0050ED5A /* Model */,
				24542A661C01AD5B0050ED5A /* Other */,
				24542A671C01AD5B0050ED5A /* View */,
			);
			path = "Mine(我)";
			sourceTree = "<group>";
		};
		24542A641C01AD5B0050ED5A /* Controller */ = {
			isa = PBXGroup;
			children = (
			);
			path = Controller;
			sourceTree = "<group>";
		};
		24542A651C01AD5B0050ED5A /* Model */ = {
			isa = PBXGroup;
			children = (
			);
			path = Model;
			sourceTree = "<group>";
		};
		24542A661C01AD5B0050ED5A /* Other */ = {
			isa = PBXGroup;
			children = (
			);
			path = Other;
			sourceTree = "<group>";
		};
		24542A671C01AD5B0050ED5A /* View */ = {
			isa = PBXGroup;
			children = (
			);
			path = View;
			sourceTree = "<group>";
		};
		24542A681C01AD600050ED5A /* Sound(试听) */ = {
			isa = PBXGroup;
			children = (
				24542A691C01AD600050ED5A /* Controller */,
				24542A6A1C01AD600050ED5A /* Model */,
				24542A6B1C01AD600050ED5A /* Other */,
				24542A6C1C01AD600050ED5A /* View */,
			);
			path = "Sound(试听)";
			sourceTree = "<group>";
		};
		24542A691C01AD600050ED5A /* Controller */ = {
			isa = PBXGroup;
			children = (
			);
			path = Controller;
			sourceTree = "<group>";
		};
		24542A6A1C01AD600050ED5A /* Model */ = {
			isa = PBXGroup;
			children = (
			);
			path = Model;
			sourceTree = "<group>";
		};
		24542A6B1C01AD600050ED5A /* Other */ = {
			isa = PBXGroup;
			children = (
			);
			path = Other;
			sourceTree = "<group>";
		};
		24542A6C1C01AD600050ED5A /* View */ = {
			isa = PBXGroup;
			children = (
			);
			path = View;
			sourceTree = "<group>";
		};
		24542A6D1C01AD650050ED5A /* Sound(试听) */ = {
			isa = PBXGroup;
			children = (
				24542A6E1C01AD650050ED5A /* Controller */,
				24542A6F1C01AD650050ED5A /* Model */,
				24542A701C01AD650050ED5A /* Other */,
				24542A711C01AD650050ED5A /* View */,
			);
			path = "Sound(试听)";
			sourceTree = "<group>";
		};
		24542A6E1C01AD650050ED5A /* Controller */ = {
			isa = PBXGroup;
			children = (
			);
			path = Controller;
			sourceTree = "<group>";
		};
		24542A6F1C01AD650050ED5A /* Model */ = {
			isa = PBXGroup;
			children = (
			);
			path = Model;
			sourceTree = "<group>";
		};
		24542A701C01AD650050ED5A /* Other */ = {
			isa = PBXGroup;
			children = (
			);
			path = Other;
			sourceTree = "<group>";
		};
		24542A711C01AD650050ED5A /* View */ = {
			isa = PBXGroup;
			children = (
			);
			path = View;
			sourceTree = "<group>";
		};
/* End PBXGroup section */

/* Begin PBXNativeTarget section */
		24542A3E1C01AA250050ED5A /* NewsDemo */ = {
			isa = PBXNativeTarget;
			buildConfigurationList = 24542A561C01AA250050ED5A /* Build configuration list for PBXNativeTarget "NewsDemo" */;
			buildPhases = (
				24542A3B1C01AA250050ED5A /* Sources */,
				24542A3C1C01AA250050ED5A /* Frameworks */,
				24542A3D1C01AA250050ED5A /* Resources */,
			);
			buildRules = (
			);
			dependencies = (
			);
			name = NewsDemo;
			productName = NewsDemo;
			productReference = 24542A3F1C01AA250050ED5A /* NewsDemo.app */;
			productType = "com.apple.product-type.application";
		};
/* End PBXNativeTarget section */

/* Begin PBXProject section */
		24542A371C01AA240050ED5A /* Project object */ = {
			isa = PBXProject;
			attributes = {
				CLASSPREFIX = TSZ;
				LastUpgradeCheck = 0700;
				ORGANIZATIONNAME = Tsz;
				TargetAttributes = {
					24542A3E1C01AA250050ED5A = {
						CreatedOnToolsVersion = 7.0;
						DevelopmentTeam = 99ZGZU86WH;
					};
				};
			};
			buildConfigurationList = 24542A3A1C01AA250050ED5A /* Build configuration list for PBXProject "NewsDemo" */;
			compatibilityVersion = "Xcode 3.2";
			developmentRegion = English;
			hasScannedForEncodings = 0;
			knownRegions = (
				en,
				Base,
			);
			mainGroup = 24542A361C01AA240050ED5A;
			productRefGroup = 24542A401C01AA250050ED5A /* Products */;
			projectDirPath = "";
			projectRoot = "";
			targets = (
				24542A3E1C01AA250050ED5A /* NewsDemo */,
			);
		};
/* End PBXProject section */

/* Begin PBXResourcesBuildPhase section */
		24542A3D1C01AA250050ED5A /* Resources */ = {
			isa = PBXResourcesBuildPhase;
			buildActionMask = 2147483647;
			files = (
				24542A521C01AA250050ED5A /* LaunchScreen.storyboard in Resources */,
				24542A4F1C01AA250050ED5A /* Assets.xcassets in Resources */,
				24542A4D1C01AA250050ED5A /* Main.storyboard in Resources */,
			);
			runOnlyForDeploymentPostprocessing = 0;
		};
/* End PBXResourcesBuildPhase section */

/* Begin PBXSourcesBuildPhase section */
		24542A3B1C01AA250050ED5A /* Sources */ = {
			isa = PBXSourcesBuildPhase;
			buildActionMask = 2147483647;
			files = (
				24542A4A1C01AA250050ED5A /* MainViewController.m in Sources */,
				24542A471C01AA250050ED5A /* AppDelegate.m in Sources */,
				24542A441C01AA250050ED5A /* main.m in Sources */,
				243905E91C024BF000E0F2C7 /* TSZHomeViewController.m in Sources */,
			);
			runOnlyForDeploymentPostprocessing = 0;
		};
/* End PBXSourcesBuildPhase section */

/* Begin PBXVariantGroup section */
		24542A4B1C01AA250050ED5A /* Main.storyboard */ = {
			isa = PBXVariantGroup;
			children = (
				24542A4C1C01AA250050ED5A /* Base */,
			);
			name = Main.storyboard;
			sourceTree = "<group>";
		};
		24542A501C01AA250050ED5A /* LaunchScreen.storyboard */ = {
			isa = PBXVariantGroup;
			children = (
				24542A511C01AA250050ED5A /* Base */,
			);
			name = LaunchScreen.storyboard;
			sourceTree = "<group>";
		};
/* End PBXVariantGroup section */

/* Begin XCBuildConfiguration section */
		24542A541C01AA250050ED5A /* Debug */ = {
			isa = XCBuildConfiguration;
			buildSettings = {
				ALWAYS_SEARCH_USER_PATHS = NO;
				CLANG_CXX_LANGUAGE_STANDARD = "gnu++0x";
				CLANG_CXX_LIBRARY = "libc++";
				CLANG_ENABLE_MODULES = YES;
				CLANG_ENABLE_OBJC_ARC = YES;
				CLANG_WARN_BOOL_CONVERSION = YES;
				CLANG_WARN_CONSTANT_CONVERSION = YES;
				CLANG_WARN_DIRECT_OBJC_ISA_USAGE = YES_ERROR;
				CLANG_WARN_EMPTY_BODY = YES;
				CLANG_WARN_ENUM_CONVERSION = YES;
				CLANG_WARN_INT_CONVERSION = YES;
				CLANG_WARN_OBJC_ROOT_CLASS = YES_ERROR;
				CLANG_WARN_UNREACHABLE_CODE = YES;
				CLANG_WARN__DUPLICATE_METHOD_MATCH = YES;
				"CODE_SIGN_IDENTITY[sdk=iphoneos*]" = "iPhone Developer";
				COPY_PHASE_STRIP = NO;
				DEBUG_INFORMATION_FORMAT = dwarf;
				ENABLE_STRICT_OBJC_MSGSEND = YES;
				ENABLE_TESTABILITY = YES;
				GCC_C_LANGUAGE_STANDARD = gnu99;
				GCC_DYNAMIC_NO_PIC = NO;
				GCC_NO_COMMON_BLOCKS = YES;
				GCC_OPTIMIZATION_LEVEL = 0;
				GCC_PREPROCESSOR_DEFINITIONS = (
					"DEBUG=1",
					"$(inherited)",
				);
				GCC_WARN_64_TO_32_BIT_CONVERSION = YES;
				GCC_WARN_ABOUT_RETURN_TYPE = YES_ERROR;
				GCC_WARN_UNDECLARED_SELECTOR = YES;
				GCC_WARN_UNINITIALIZED_AUTOS = YES_AGGRESSIVE;
				GCC_WARN_UNUSED_FUNCTION = YES;
				GCC_WARN_UNUSED_VARIABLE = YES;
				IPHONEOS_DEPLOYMENT_TARGET = 9.0;
				MTL_ENABLE_DEBUG_INFO = YES;
				ONLY_ACTIVE_ARCH = YES;
				SDKROOT = iphoneos;
				TARGETED_DEVICE_FAMILY = "1,2";
			};
			name = Debug;
		};
		24542A551C01AA250050ED5A /* Release */ = {
			isa = XCBuildConfiguration;
			buildSettings = {
				ALWAYS_SEARCH_USER_PATHS = NO;
				CLANG_CXX_LANGUAGE_STANDARD = "gnu++0x";
				CLANG_CXX_LIBRARY = "libc++";
				CLANG_ENABLE_MODULES = YES;
				CLANG_ENABLE_OBJC_ARC = YES;
				CLANG_WARN_BOOL_CONVERSION = YES;
				CLANG_WARN_CONSTANT_CONVERSION = YES;
				CLANG_WARN_DIRECT_OBJC_ISA_USAGE = YES_ERROR;
				CLANG_WARN_EMPTY_BODY = YES;
				CLANG_WARN_ENUM_CONVERSION = YES;
				CLANG_WARN_INT_CONVERSION = YES;
				CLANG_WARN_OBJC_ROOT_CLASS = YES_ERROR;
				CLANG_WARN_UNREACHABLE_CODE = YES;
				CLANG_WARN__DUPLICATE_METHOD_MATCH = YES;
				"CODE_SIGN_IDENTITY[sdk=iphoneos*]" = "iPhone Developer";
				COPY_PHASE_STRIP = NO;
				DEBUG_INFORMATION_FORMAT = "dwarf-with-dsym";
				ENABLE_NS_ASSERTIONS = NO;
				ENABLE_STRICT_OBJC_MSGSEND = YES;
				GCC_C_LANGUAGE_STANDARD = gnu99;
				GCC_NO_COMMON_BLOCKS = YES;
				GCC_WARN_64_TO_32_BIT_CONVERSION = YES;
				GCC_WARN_ABOUT_RETURN_TYPE = YES_ERROR;
				GCC_WARN_UNDECLARED_SELECTOR = YES;
				GCC_WARN_UNINITIALIZED_AUTOS = YES_AGGRESSIVE;
				GCC_WARN_UNUSED_FUNCTION = YES;
				GCC_WARN_UNUSED_VARIABLE = YES;
				IPHONEOS_DEPLOYMENT_TARGET = 9.0;
				MTL_ENABLE_DEBUG_INFO = NO;
				SDKROOT = iphoneos;
				TARGETED_DEVICE_FAMILY = "1,2";
				VALIDATE_PRODUCT = YES;
			};
			name = Release;
		};
		24542A571C01AA250050ED5A /* Debug */ = {
			isa = XCBuildConfiguration;
			buildSettings = {
				ASSETCATALOG_COMPILER_APPICON_NAME = AppIcon;
				INFOPLIST_FILE = NewsDemo/Info.plist;
				LD_RUNPATH_SEARCH_PATHS = "$(inherited) @executable_path/Frameworks";
				PRODUCT_BUNDLE_IDENTIFIER = tsz.NewsDemo;
				PRODUCT_NAME = "$(TARGET_NAME)";
			};
			name = Debug;
		};
		24542A581C01AA250050ED5A /* Release */ = {
			isa = XCBuildConfiguration;
			buildSettings = {
				ASSETCATALOG_COMPILER_APPICON_NAME = AppIcon;
				INFOPLIST_FILE = NewsDemo/Info.plist;
				LD_RUNPATH_SEARCH_PATHS = "$(inherited) @executable_path/Frameworks";
				PRODUCT_BUNDLE_IDENTIFIER = tsz.NewsDemo;
				PRODUCT_NAME = "$(TARGET_NAME)";
			};
			name = Release;
		};
/* End XCBuildConfiguration section */

/* Begin XCConfigurationList section */
		24542A3A1C01AA250050ED5A /* Build configuration list for PBXProject "NewsDemo" */ = {
			isa = XCConfigurationList;
			buildConfigurations = (
				24542A541C01AA250050ED5A /* Debug */,
				24542A551C01AA250050ED5A /* Release */,
			);
			defaultConfigurationIsVisible = 0;
			defaultConfigurationName = Release;
		};
		24542A561C01AA250050ED5A /* Build configuration list for PBXNativeTarget "NewsDemo" */ = {
			isa = XCConfigurationList;
			buildConfigurations = (
				24542A571C01AA250050ED5A /* Debug */,
				24542A581C01AA250050ED5A /* Release */,
			);
			defaultConfigurationIsVisible = 0;
			defaultConfigurationName = Release;
		};
/* End XCConfigurationList section */
	};
	rootObject = 24542A371C01AA240050ED5A /* Project object */;
}
